<?xml version="1.0" encoding="utf-8"?>
<Project ToolsVersion="4.0" xmlns="http://schemas.microsoft.com/developer/msbuild/2003">
  <ItemGroup>
    <Filter Include="Lotion">
      <UniqueIdentifier>{DA1D41C1-C6BF-6B97-AF7A-7FEB9BBBF2E7}</UniqueIdentifier>
    </Filter>
    <Filter Include="Lotion\Events">
      <UniqueIdentifier>{7E70C31E-EA30-3F55-B36B-88D21FEB8331}</UniqueIdentifier>
    </Filter>
  </ItemGroup>
  <ItemGroup>
    <ClInclude Include="src\Lotion.h" />
    <ClInclude Include="src\Lotion\Application.h">
      <Filter>Lotion</Filter>
    </ClInclude>
    <ClInclude Include="src\Lotion\Core.h">
      <Filter>Lotion</Filter>
    </ClInclude>
    <ClInclude Include="src\Lotion\EntryPoint.h">
      <Filter>Lotion</Filter>
    </ClInclude>
    <ClInclude Include="src\Lotion\Events\ApplicationEvent.h">
      <Filter>Lotion\Events</Filter>
    </ClInclude>
    <ClInclude Include="src\Lotion\Events\Event.h">
      <Filter>Lotion\Events</Filter>
    </ClInclude>
    <ClInclude Include="src\Lotion\Events\KeyEvent.h">
      <Filter>Lotion\Events</Filter>
    </ClInclude>
    <ClInclude Include="src\Lotion\Events\MouseEvent.h">
      <Filter>Lotion\Events</Filter>
    </ClInclude>
    <ClInclude Include="src\Lotion\Log.h">
      <Filter>Lotion</Filter>
    </ClInclude>
    <ClInclude Include="src\ltpch.h" />
    <ClInclude Include="src\Lotion\Window.h" />
    <ClInclude Include="src\Platform\Windows\WindowsWindow.h" />
  </ItemGroup>
  <ItemGroup>
    <ClCompile Include="src\Lotion\Application.cpp">
      <Filter>Lotion</Filter>
    </ClCompile>
    <ClCompile Include="src\Lotion\Log.cpp">
      <Filter>Lotion</Filter>
    </ClCompile>
    <ClCompile Include="src\ltpch.cpp" />
    <ClCompile Include="src\Platform\Windows\WindowsWindow.cpp" />
  </ItemGroup>
</Project>